
Microsoft Visual Studio Solution File, Format Version 12.00
# Visual Studio 15
VisualStudioVersion = 15.0.28010.2019
MinimumVisualStudioVersion = 10.0.40219.1
Project("{FAE04EC0-301F-11D3-BF4B-00C04F79EFBC}") = "PickAnAPI", "Help\PickAnAPI.csproj", "{1894B051-4CF8-4A38-A3AF-4D5C0E9CF22F}"
EndProject
Global
	GlobalSection(SolutionConfigurationPlatforms) = preSolution
		Debug|Any CPU = Debug|Any CPU
		Release|Any CPU = Release|Any CPU
	EndGlobalSection
	GlobalSection(ProjectConfigurationPlatforms) = postSolution
		{1894B051-4CF8-4A38-A3AF-4D5C0E9CF22F}.Debug|Any CPU.ActiveCfg = Debug|Any CPU
		{1894B051-4CF8-4A38-A3AF-4D5C0E9CF22F}.Debug|Any CPU.Build.0 = Debug|Any CPU
		{1894B051-4CF8-4A38-A3AF-4D5C0E9CF22F}.Release|Any CPU.ActiveCfg = Release|Any CPU
		{1894B051-4CF8-4A38-A3AF-4D5C0E9CF22F}.Release|Any CPU.Build.0 = Release|Any CPU
	EndGlobalSection
	GlobalSection(SolutionProperties) = preSolution
		HideSolutionNode = FALSE
	EndGlobalSection
	GlobalSection(ExtensibilityGlobals) = postSolution
		SolutionGuid = {25A52591-849D-40F5-B914-459A64B1CFB8}
	EndGlobalSection
EndGlobal
